
Microsoft Visual Studio Solution File, Format Version 12.00
# Visual Studio 2012
Project("{FAE04EC0-301F-11D3-BF4B-00C04F79EFBC}") = "LRDNUG.Web", "LRDNUG.Web\LRDNUG.Web.csproj", "{5328388E-ED93-4C9F-B537-6E3D65411A61}"
EndProject
Project("{FAE04EC0-301F-11D3-BF4B-00C04F79EFBC}") = "LRDNUG.Web.Tests", "LRDNUG.Web.Tests\LRDNUG.Web.Tests.csproj", "{AC667ADA-794D-454A-990A-2E4AC86EE738}"
EndProject
Global
	GlobalSection(SolutionConfigurationPlatforms) = preSolution
		Debug|Any CPU = Debug|Any CPU
		Release|Any CPU = Release|Any CPU
	EndGlobalSection
	GlobalSection(ProjectConfigurationPlatforms) = postSolution
		{5328388E-ED93-4C9F-B537-6E3D65411A61}.Debug|Any CPU.ActiveCfg = Debug|Any CPU
		{5328388E-ED93-4C9F-B537-6E3D65411A61}.Debug|Any CPU.Build.0 = Debug|Any CPU
		{5328388E-ED93-4C9F-B537-6E3D65411A61}.Release|Any CPU.ActiveCfg = Release|Any CPU
		{5328388E-ED93-4C9F-B537-6E3D65411A61}.Release|Any CPU.Build.0 = Release|Any CPU
		{AC667ADA-794D-454A-990A-2E4AC86EE738}.Debug|Any CPU.ActiveCfg = Debug|Any CPU
		{AC667ADA-794D-454A-990A-2E4AC86EE738}.Debug|Any CPU.Build.0 = Debug|Any CPU
		{AC667ADA-794D-454A-990A-2E4AC86EE738}.Release|Any CPU.ActiveCfg = Release|Any CPU
		{AC667ADA-794D-454A-990A-2E4AC86EE738}.Release|Any CPU.Build.0 = Release|Any CPU
	EndGlobalSection
	GlobalSection(SolutionProperties) = preSolution
		HideSolutionNode = FALSE
	EndGlobalSection
EndGlobal
